
Microsoft Visual Studio Solution File, Format Version 12.00
# Visual Studio Version 16
VisualStudioVersion = 16.0.31424.327
MinimumVisualStudioVersion = 10.0.40219.1
Project("{FAE04EC0-301F-11D3-BF4B-00C04F79EFBC}") = "Api_Caller.Tests", "Api_Caller.Tests\Api_Caller.Tests.csproj", "{3B30F0E1-8421-4D30-8D55-E67ACDB21F75}"
EndProject
Project("{FAE04EC0-301F-11D3-BF4B-00C04F79EFBC}") = "Api_Caller.UI", "Api_Caller.UI\Api_Caller.UI.csproj", "{E6E1BA2E-2883-4592-976B-E9DEC055A6EB}"
EndProject
Global
	GlobalSection(SolutionConfigurationPlatforms) = preSolution
		Debug|Any CPU = Debug|Any CPU
		Release|Any CPU = Release|Any CPU
	EndGlobalSection
	GlobalSection(ProjectConfigurationPlatforms) = postSolution
		{3B30F0E1-8421-4D30-8D55-E67ACDB21F75}.Debug|Any CPU.ActiveCfg = Debug|Any CPU
		{3B30F0E1-8421-4D30-8D55-E67ACDB21F75}.Debug|Any CPU.Build.0 = Debug|Any CPU
		{3B30F0E1-8421-4D30-8D55-E67ACDB21F75}.Release|Any CPU.ActiveCfg = Release|Any CPU
		{3B30F0E1-8421-4D30-8D55-E67ACDB21F75}.Release|Any CPU.Build.0 = Release|Any CPU
		{E6E1BA2E-2883-4592-976B-E9DEC055A6EB}.Debug|Any CPU.ActiveCfg = Debug|Any CPU
		{E6E1BA2E-2883-4592-976B-E9DEC055A6EB}.Debug|Any CPU.Build.0 = Debug|Any CPU
		{E6E1BA2E-2883-4592-976B-E9DEC055A6EB}.Release|Any CPU.ActiveCfg = Release|Any CPU
		{E6E1BA2E-2883-4592-976B-E9DEC055A6EB}.Release|Any CPU.Build.0 = Release|Any CPU
	EndGlobalSection
	GlobalSection(SolutionProperties) = preSolution
		HideSolutionNode = FALSE
	EndGlobalSection
	GlobalSection(ExtensibilityGlobals) = postSolution
		SolutionGuid = {30FCAD7F-437F-4C9F-9A40-1BCBF992014B}
	EndGlobalSection
EndGlobal
